
Microsoft Visual Studio Solution File, Format Version 12.00
# Visual Studio Version 17
VisualStudioVersion = 17.5.33530.505
MinimumVisualStudioVersion = 10.0.40219.1
Project("{FAE04EC0-301F-11D3-BF4B-00C04F79EFBC}") = "ASP.NET-Course-Submission", "ASP.NET-Course-Submission\ASP.NET-Course-Submission.csproj", "{E8A45062-0DB4-46C9-88EF-C5892F707F0C}"
EndProject
Global
	GlobalSection(SolutionConfigurationPlatforms) = preSolution
		Debug|Any CPU = Debug|Any CPU
		Release|Any CPU = Release|Any CPU
	EndGlobalSection
	GlobalSection(ProjectConfigurationPlatforms) = postSolution
		{E8A45062-0DB4-46C9-88EF-C5892F707F0C}.Debug|Any CPU.ActiveCfg = Debug|Any CPU
		{E8A45062-0DB4-46C9-88EF-C5892F707F0C}.Debug|Any CPU.Build.0 = Debug|Any CPU
		{E8A45062-0DB4-46C9-88EF-C5892F707F0C}.Release|Any CPU.ActiveCfg = Release|Any CPU
		{E8A45062-0DB4-46C9-88EF-C5892F707F0C}.Release|Any CPU.Build.0 = Release|Any CPU
	EndGlobalSection
	GlobalSection(SolutionProperties) = preSolution
		HideSolutionNode = FALSE
	EndGlobalSection
	GlobalSection(ExtensibilityGlobals) = postSolution
		SolutionGuid = {9EBA7A8A-DA2D-4D46-BAEB-8702E777D577}
	EndGlobalSection
EndGlobal
